// !$*UTF8*$!
{
	archiveVersion = 1;
	classes = {
	};
	objectVersion = 54;
	objects = {

/* Begin PBXBuildFile section */
		D915E7682925D27E00FA0FCC /* CustomOCRViewController.swift in Sources */ = {isa = PBXBuildFile; fileRef = D915E7672925D27E00FA0FCC /* CustomOCRViewController.swift */; };
		D915E76A2925D4FE00FA0FCC /* CustomView.swift in Sources */ = {isa = PBXBuildFile; fileRef = D915E7692925D4FE00FA0FCC /* CustomView.swift */; };
		D9D7FF5B2925BF9A0088243D /* AppDelegate.swift in Sources */ = {isa = PBXBuildFile; fileRef = D9D7FF5A2925BF9A0088243D /* AppDelegate.swift */; };
		D9D7FF5D2925BF9A0088243D /* SceneDelegate.swift in Sources */ = {isa = PBXBuildFile; fileRef = D9D7FF5C2925BF9A0088243D /* SceneDelegate.swift */; };
		D9D7FF5F2925BF9A0088243D /* ViewController.swift in Sources */ = {isa = PBXBuildFile; fileRef = D9D7FF5E2925BF9A0088243D /* ViewController.swift */; };
		D9D7FF622925BF9A0088243D /* Main.storyboard in Resources */ = {isa = PBXBuildFile; fileRef = D9D7FF602925BF9A0088243D /* Main.storyboard */; };
		D9D7FF642925BF9B0088243D /* Assets.xcassets in Resources */ = {isa = PBXBuildFile; fileRef = D9D7FF632925BF9B0088243D /* Assets.xcassets */; };
		D9D7FF672925BF9B0088243D /* LaunchScreen.storyboard in Resources */ = {isa = PBXBuildFile; fileRef = D9D7FF652925BF9B0088243D /* LaunchScreen.storyboard */; };
		D9D7FF7A2925BFEC0088243D /* Vision.framework in Frameworks */ = {isa = PBXBuildFile; fileRef = D9D7FF792925BFEB0088243D /* Vision.framework */; };
		D9D7FF7C2925BFF10088243D /* AVFoundation.framework in Frameworks */ = {isa = PBXBuildFile; fileRef = D9D7FF7B2925BFF10088243D /* AVFoundation.framework */; };
		D9D7FF7E2925C12A0088243D /* DefaultOCRViewController.swift in Sources */ = {isa = PBXBuildFile; fileRef = D9D7FF7D2925C12A0088243D /* DefaultOCRViewController.swift */; };
		D9D94059292DB90F00435D62 /* NHNCloudCommon.xcframework in Frameworks */ = {isa = PBXBuildFile; fileRef = D9D94056292DB90F00435D62 /* NHNCloudCommon.xcframework */; };
		D9D9405B292DB90F00435D62 /* NHNCloudCore.xcframework in Frameworks */ = {isa = PBXBuildFile; fileRef = D9D94057292DB90F00435D62 /* NHNCloudCore.xcframework */; };
		D9D9405D292DB90F00435D62 /* NHNCloudOCR.xcframework in Frameworks */ = {isa = PBXBuildFile; fileRef = D9D94058292DB90F00435D62 /* NHNCloudOCR.xcframework */; };
/* End PBXBuildFile section */

/* Begin PBXFileReference section */
		D915E7672925D27E00FA0FCC /* CustomOCRViewController.swift */ = {isa = PBXFileReference; lastKnownFileType = sourcecode.swift; path = CustomOCRViewController.swift; sourceTree = "<group>"; };
		D915E7692925D4FE00FA0FCC /* CustomView.swift */ = {isa = PBXFileReference; lastKnownFileType = sourcecode.swift; path = CustomView.swift; sourceTree = "<group>"; };
		D9D7FF572925BF9A0088243D /* NHNCloudOCR-Sample.app */ = {isa = PBXFileReference; explicitFileType = wrapper.application; includeInIndex = 0; path = "NHNCloudOCR-Sample.app"; sourceTree = BUILT_PRODUCTS_DIR; };
		D9D7FF5A2925BF9A0088243D /* AppDelegate.swift */ = {isa = PBXFileReference; lastKnownFileType = sourcecode.swift; path = AppDelegate.swift; sourceTree = "<group>"; };
		D9D7FF5C2925BF9A0088243D /* SceneDelegate.swift */ = {isa = PBXFileReference; lastKnownFileType = sourcecode.swift; path = SceneDelegate.swift; sourceTree = "<group>"; };
		D9D7FF5E2925BF9A0088243D /* ViewController.swift */ = {isa = PBXFileReference; lastKnownFileType = sourcecode.swift; path = ViewController.swift; sourceTree = "<group>"; };
		D9D7FF612925BF9A0088243D /* Base */ = {isa = PBXFileReference; lastKnownFileType = file.storyboard; name = Base; path = Base.lproj/Main.storyboard; sourceTree = "<group>"; };
		D9D7FF632925BF9B0088243D /* Assets.xcassets */ = {isa = PBXFileReference; lastKnownFileType = folder.assetcatalog; path = Assets.xcassets; sourceTree = "<group>"; };
		D9D7FF662925BF9B0088243D /* Base */ = {isa = PBXFileReference; lastKnownFileType = file.storyboard; name = Base; path = Base.lproj/LaunchScreen.storyboard; sourceTree = "<group>"; };
		D9D7FF682925BF9B0088243D /* Info.plist */ = {isa = PBXFileReference; lastKnownFileType = text.plist.xml; path = Info.plist; sourceTree = "<group>"; };
		D9D7FF792925BFEB0088243D /* Vision.framework */ = {isa = PBXFileReference; lastKnownFileType = wrapper.framework; name = Vision.framework; path = System/Library/Frameworks/Vision.framework; sourceTree = SDKROOT; };
		D9D7FF7B2925BFF10088243D /* AVFoundation.framework */ = {isa = PBXFileReference; lastKnownFileType = wrapper.framework; name = AVFoundation.framework; path = System/Library/Frameworks/AVFoundation.framework; sourceTree = SDKROOT; };
		D9D7FF7D2925C12A0088243D /* DefaultOCRViewController.swift */ = {isa = PBXFileReference; lastKnownFileType = sourcecode.swift; path = DefaultOCRViewController.swift; sourceTree = "<group>"; };
		D9D94056292DB90F00435D62 /* NHNCloudCommon.xcframework */ = {isa = PBXFileReference; lastKnownFileType = wrapper.xcframework; name = NHNCloudCommon.xcframework; path = ../../xcframeworks/NHNCloudCommon.xcframework; sourceTree = "<group>"; };
		D9D94057292DB90F00435D62 /* NHNCloudCore.xcframework */ = {isa = PBXFileReference; lastKnownFileType = wrapper.xcframework; name = NHNCloudCore.xcframework; path = ../../xcframeworks/NHNCloudCore.xcframework; sourceTree = "<group>"; };
		D9D94058292DB90F00435D62 /* NHNCloudOCR.xcframework */ = {isa = PBXFileReference; lastKnownFileType = wrapper.xcframework; name = NHNCloudOCR.xcframework; path = ../../xcframeworks/NHNCloudOCR.xcframework; sourceTree = "<group>"; };
/* End PBXFileReference section */

/* Begin PBXFrameworksBuildPhase section */
		D9D7FF542925BF9A0088243D /* Frameworks */ = {
			isa = PBXFrameworksBuildPhase;
			buildActionMask = 2147483647;
			files = (
				D9D7FF7A2925BFEC0088243D /* Vision.framework in Frameworks */,
				D9D94059292DB90F00435D62 /* NHNCloudCommon.xcframework in Frameworks */,
				D9D7FF7C2925BFF10088243D /* AVFoundation.framework in Frameworks */,
				D9D9405B292DB90F00435D62 /* NHNCloudCore.xcframework in Frameworks */,
				D9D9405D292DB90F00435D62 /* NHNCloudOCR.xcframework in Frameworks */,
			);
			runOnlyForDeploymentPostprocessing = 0;
		};
/* End PBXFrameworksBuildPhase section */

/* Begin PBXGroup section */
		D9D7FF4E2925BF9A0088243D = {
			isa = PBXGroup;
			children = (
				D9D7FF592925BF9A0088243D /* NHNCloudOCR-Sample */,
				D9D7FF582925BF9A0088243D /* Products */,
				D9D7FF6E2925BFDF0088243D /* Frameworks */,
			);
			sourceTree = "<group>";
		};
		D9D7FF582925BF9A0088243D /* Products */ = {
			isa = PBXGroup;
			children = (
				D9D7FF572925BF9A0088243D /* NHNCloudOCR-Sample.app */,
			);
			name = Products;
			sourceTree = "<group>";
		};
		D9D7FF592925BF9A0088243D /* NHNCloudOCR-Sample */ = {
			isa = PBXGroup;
			children = (
				D9D7FF5A2925BF9A0088243D /* AppDelegate.swift */,
				D9D7FF5C2925BF9A0088243D /* SceneDelegate.swift */,
				D9D7FF5E2925BF9A0088243D /* ViewController.swift */,
				D9D7FF7D2925C12A0088243D /* DefaultOCRViewController.swift */,
				D915E7672925D27E00FA0FCC /* CustomOCRViewController.swift */,
				D915E7692925D4FE00FA0FCC /* CustomView.swift */,
				D9D7FF602925BF9A0088243D /* Main.storyboard */,
				D9D7FF632925BF9B0088243D /* Assets.xcassets */,
				D9D7FF652925BF9B0088243D /* LaunchScreen.storyboard */,
				D9D7FF682925BF9B0088243D /* Info.plist */,
			);
			path = "NHNCloudOCR-Sample";
			sourceTree = "<group>";
		};
		D9D7FF6E2925BFDF0088243D /* Frameworks */ = {
			isa = PBXGroup;
			children = (
				D9D94056292DB90F00435D62 /* NHNCloudCommon.xcframework */,
				D9D94057292DB90F00435D62 /* NHNCloudCore.xcframework */,
				D9D94058292DB90F00435D62 /* NHNCloudOCR.xcframework */,
				D9D7FF7B2925BFF10088243D /* AVFoundation.framework */,
				D9D7FF792925BFEB0088243D /* Vision.framework */,
			);
			name = Frameworks;
			sourceTree = "<group>";
		};
/* End PBXGroup section */

/* Begin PBXNativeTarget section */
		D9D7FF562925BF9A0088243D /* NHNCloudOCR-Sample */ = {
			isa = PBXNativeTarget;
			buildConfigurationList = D9D7FF6B2925BF9B0088243D /* Build configuration list for PBXNativeTarget "NHNCloudOCR-Sample" */;
			buildPhases = (
				D9D7FF532925BF9A0088243D /* Sources */,
				D9D7FF542925BF9A0088243D /* Frameworks */,
				D9D7FF552925BF9A0088243D /* Resources */,
			);
			buildRules = (
			);
			dependencies = (
			);
			name = "NHNCloudOCR-Sample";
			productName = "NHNCloudOCR-Sample";
			productReference = D9D7FF572925BF9A0088243D /* NHNCloudOCR-Sample.app */;
			productType = "com.apple.product-type.application";
		};
/* End PBXNativeTarget section */

/* Begin PBXProject section */
		D9D7FF4F2925BF9A0088243D /* Project object */ = {
			isa = PBXProject;
			attributes = {
				BuildIndependentTargetsInParallel = 1;
				LastSwiftUpdateCheck = 1400;
				LastUpgradeCheck = 1400;
				TargetAttributes = {
					D9D7FF562925BF9A0088243D = {
						CreatedOnToolsVersion = 14.0.1;
					};
				};
			};
			buildConfigurationList = D9D7FF522925BF9A0088243D /* Build configuration list for PBXProject "NHNCloudOCR-Sample" */;
			compatibilityVersion = "Xcode 12.0";
			developmentRegion = en;
			hasScannedForEncodings = 0;
			knownRegions = (
				en,
				Base,
			);
			mainGroup = D9D7FF4E2925BF9A0088243D;
			productRefGroup = D9D7FF582925BF9A0088243D /* Products */;
			projectDirPath = "";
			projectRoot = "";
			targets = (
				D9D7FF562925BF9A0088243D /* NHNCloudOCR-Sample */,
			);
		};
/* End PBXProject section */

/* Begin PBXResourcesBuildPhase section */
		D9D7FF552925BF9A0088243D /* Resources */ = {
			isa = PBXResourcesBuildPhase;
			buildActionMask = 2147483647;
			files = (
				D9D7FF672925BF9B0088243D /* LaunchScreen.storyboard in Resources */,
				D9D7FF642925BF9B0088243D /* Assets.xcassets in Resources */,
				D9D7FF622925BF9A0088243D /* Main.storyboard in Resources */,
			);
			runOnlyForDeploymentPostprocessing = 0;
		};
/* End PBXResourcesBuildPhase section */

/* Begin PBXSourcesBuildPhase section */
		D9D7FF532925BF9A0088243D /* Sources */ = {
			isa = PBXSourcesBuildPhase;
			buildActionMask = 2147483647;
			files = (
				D915E7682925D27E00FA0FCC /* CustomOCRViewController.swift in Sources */,
				D9D7FF5F2925BF9A0088243D /* ViewController.swift in Sources */,
				D9D7FF7E2925C12A0088243D /* DefaultOCRViewController.swift in Sources */,
				D915E76A2925D4FE00FA0FCC /* CustomView.swift in Sources */,
				D9D7FF5B2925BF9A0088243D /* AppDelegate.swift in Sources */,
				D9D7FF5D2925BF9A0088243D /* SceneDelegate.swift in Sources */,
			);
			runOnlyForDeploymentPostprocessing = 0;
		};
/* End PBXSourcesBuildPhase section */

/* Begin PBXVariantGroup section */
		D9D7FF602925BF9A0088243D /* Main.storyboard */ = {
			isa = PBXVariantGroup;
			children = (
				D9D7FF612925BF9A0088243D /* Base */,
			);
			name = Main.storyboard;
			sourceTree = "<group>";
		};
		D9D7FF652925BF9B0088243D /* LaunchScreen.storyboard */ = {
			isa = PBXVariantGroup;
			children = (
				D9D7FF662925BF9B0088243D /* Base */,
			);
			name = LaunchScreen.storyboard;
			sourceTree = "<group>";
		};
/* End PBXVariantGroup section */

/* Begin XCBuildConfiguration section */
		D9D7FF692925BF9B0088243D /* Debug */ = {
			isa = XCBuildConfiguration;
			buildSettings = {
				ALWAYS_SEARCH_USER_PATHS = NO;
				CLANG_ANALYZER_NONNULL = YES;
				CLANG_ANALYZER_NUMBER_OBJECT_CONVERSION = YES_AGGRESSIVE;
				CLANG_CXX_LANGUAGE_STANDARD = "gnu++20";
				CLANG_ENABLE_MODULES = YES;
				CLANG_ENABLE_OBJC_ARC = YES;
				CLANG_ENABLE_OBJC_WEAK = YES;
				CLANG_WARN_BLOCK_CAPTURE_AUTORELEASING = YES;
				CLANG_WARN_BOOL_CONVERSION = YES;
				CLANG_WARN_COMMA = YES;
				CLANG_WARN_CONSTANT_CONVERSION = YES;
				CLANG_WARN_DEPRECATED_OBJC_IMPLEMENTATIONS = YES;
				CLANG_WARN_DIRECT_OBJC_ISA_USAGE = YES_ERROR;
				CLANG_WARN_DOCUMENTATION_COMMENTS = YES;
				CLANG_WARN_EMPTY_BODY = YES;
				CLANG_WARN_ENUM_CONVERSION = YES;
				CLANG_WARN_INFINITE_RECURSION = YES;
				CLANG_WARN_INT_CONVERSION = YES;
				CLANG_WARN_NON_LITERAL_NULL_CONVERSION = YES;
				CLANG_WARN_OBJC_IMPLICIT_RETAIN_SELF = YES;
				CLANG_WARN_OBJC_LITERAL_CONVERSION = YES;
				CLANG_WARN_OBJC_ROOT_CLASS = YES_ERROR;
				CLANG_WARN_QUOTED_INCLUDE_IN_FRAMEWORK_HEADER = YES;
				CLANG_WARN_RANGE_LOOP_ANALYSIS = YES;
				CLANG_WARN_STRICT_PROTOTYPES = YES;
				CLANG_WARN_SUSPICIOUS_MOVE = YES;
				CLANG_WARN_UNGUARDED_AVAILABILITY = YES_AGGRESSIVE;
				CLANG_WARN_UNREACHABLE_CODE = YES;
				CLANG_WARN__DUPLICATE_METHOD_MATCH = YES;
				COPY_PHASE_STRIP = NO;
				DEBUG_INFORMATION_FORMAT = dwarf;
				ENABLE_STRICT_OBJC_MSGSEND = YES;
				ENABLE_TESTABILITY = YES;
				GCC_C_LANGUAGE_STANDARD = gnu11;
				GCC_DYNAMIC_NO_PIC = NO;
				GCC_NO_COMMON_BLOCKS = YES;
				GCC_OPTIMIZATION_LEVEL = 0;
				GCC_PREPROCESSOR_DEFINITIONS = (
					"DEBUG=1",
					"$(inherited)",
				);
				GCC_WARN_64_TO_32_BIT_CONVERSION = YES;
				GCC_WARN_ABOUT_RETURN_TYPE = YES_ERROR;
				GCC_WARN_UNDECLARED_SELECTOR = YES;
				GCC_WARN_UNINITIALIZED_AUTOS = YES_AGGRESSIVE;
				GCC_WARN_UNUSED_FUNCTION = YES;
				GCC_WARN_UNUSED_VARIABLE = YES;
				IPHONEOS_DEPLOYMENT_TARGET = 11.0;
				MTL_ENABLE_DEBUG_INFO = INCLUDE_SOURCE;
				MTL_FAST_MATH = YES;
				ONLY_ACTIVE_ARCH = YES;
				SDKROOT = iphoneos;
				SWIFT_ACTIVE_COMPILATION_CONDITIONS = DEBUG;
				SWIFT_OPTIMIZATION_LEVEL = "-Onone";
			};
			name = Debug;
		};
		D9D7FF6A2925BF9B0088243D /* Release */ = {
			isa = XCBuildConfiguration;
			buildSettings = {
				ALWAYS_SEARCH_USER_PATHS = NO;
				CLANG_ANALYZER_NONNULL = YES;
				CLANG_ANALYZER_NUMBER_OBJECT_CONVERSION = YES_AGGRESSIVE;
				CLANG_CXX_LANGUAGE_STANDARD = "gnu++20";
				CLANG_ENABLE_MODULES = YES;
				CLANG_ENABLE_OBJC_ARC = YES;
				CLANG_ENABLE_OBJC_WEAK = YES;
				CLANG_WARN_BLOCK_CAPTURE_AUTORELEASING = YES;
				CLANG_WARN_BOOL_CONVERSION = YES;
				CLANG_WARN_COMMA = YES;
				CLANG_WARN_CONSTANT_CONVERSION = YES;
				CLANG_WARN_DEPRECATED_OBJC_IMPLEMENTATIONS = YES;
				CLANG_WARN_DIRECT_OBJC_ISA_USAGE = YES_ERROR;
				CLANG_WARN_DOCUMENTATION_COMMENTS = YES;
				CLANG_WARN_EMPTY_BODY = YES;
				CLANG_WARN_ENUM_CONVERSION = YES;
				CLANG_WARN_INFINITE_RECURSION = YES;
				CLANG_WARN_INT_CONVERSION = YES;
				CLANG_WARN_NON_LITERAL_NULL_CONVERSION = YES;
				CLANG_WARN_OBJC_IMPLICIT_RETAIN_SELF = YES;
				CLANG_WARN_OBJC_LITERAL_CONVERSION = YES;
				CLANG_WARN_OBJC_ROOT_CLASS = YES_ERROR;
				CLANG_WARN_QUOTED_INCLUDE_IN_FRAMEWORK_HEADER = YES;
				CLANG_WARN_RANGE_LOOP_ANALYSIS = YES;
				CLANG_WARN_STRICT_PROTOTYPES = YES;
				CLANG_WARN_SUSPICIOUS_MOVE = YES;
				CLANG_WARN_UNGUARDED_AVAILABILITY = YES_AGGRESSIVE;
				CLANG_WARN_UNREACHABLE_CODE = YES;
				CLANG_WARN__DUPLICATE_METHOD_MATCH = YES;
				COPY_PHASE_STRIP = NO;
				DEBUG_INFORMATION_FORMAT = "dwarf-with-dsym";
				ENABLE_NS_ASSERTIONS = NO;
				ENABLE_STRICT_OBJC_MSGSEND = YES;
				GCC_C_LANGUAGE_STANDARD = gnu11;
				GCC_NO_COMMON_BLOCKS = YES;
				GCC_WARN_64_TO_32_BIT_CONVERSION = YES;
				GCC_WARN_ABOUT_RETURN_TYPE = YES_ERROR;
				GCC_WARN_UNDECLARED_SELECTOR = YES;
				GCC_WARN_UNINITIALIZED_AUTOS = YES_AGGRESSIVE;
				GCC_WARN_UNUSED_FUNCTION = YES;
				GCC_WARN_UNUSED_VARIABLE = YES;
				IPHONEOS_DEPLOYMENT_TARGET = 11.0;
				MTL_ENABLE_DEBUG_INFO = NO;
				MTL_FAST_MATH = YES;
				SDKROOT = iphoneos;
				SWIFT_COMPILATION_MODE = wholemodule;
				SWIFT_OPTIMIZATION_LEVEL = "-O";
				VALIDATE_PRODUCT = YES;
			};
			name = Release;
		};
		D9D7FF6C2925BF9B0088243D /* Debug */ = {
			isa = XCBuildConfiguration;
			buildSettings = {
				ASSETCATALOG_COMPILER_APPICON_NAME = AppIcon;
				ASSETCATALOG_COMPILER_GLOBAL_ACCENT_COLOR_NAME = AccentColor;
				CODE_SIGN_STYLE = Automatic;
				CURRENT_PROJECT_VERSION = 1;
				DEVELOPMENT_TEAM = "";
				GENERATE_INFOPLIST_FILE = YES;
				INFOPLIST_FILE = "NHNCloudOCR-Sample/Info.plist";
				INFOPLIST_KEY_NSCameraUsageDescription = "Camera permission request message";
				INFOPLIST_KEY_UIApplicationSupportsIndirectInputEvents = YES;
				INFOPLIST_KEY_UILaunchStoryboardName = LaunchScreen;
				INFOPLIST_KEY_UIMainStoryboardFile = Main;
				INFOPLIST_KEY_UISupportedInterfaceOrientations_iPad = "UIInterfaceOrientationPortrait UIInterfaceOrientationPortraitUpsideDown UIInterfaceOrientationLandscapeLeft UIInterfaceOrientationLandscapeRight";
				INFOPLIST_KEY_UISupportedInterfaceOrientations_iPhone = "UIInterfaceOrientationPortrait UIInterfaceOrientationLandscapeLeft UIInterfaceOrientationLandscapeRight";
				LD_RUNPATH_SEARCH_PATHS = (
					"$(inherited)",
					"@executable_path/Frameworks",
				);
				MARKETING_VERSION = 1.0;
				OTHER_LDFLAGS = (
					"-ObjC",
					"-lc++",
				);
				PRODUCT_BUNDLE_IDENTIFIER = com.nhncloud.client.sdk.ocr.sample;
				PRODUCT_NAME = "$(TARGET_NAME)";
				SWIFT_EMIT_LOC_STRINGS = YES;
				SWIFT_VERSION = 5.0;
				TARGETED_DEVICE_FAMILY = "1,2";
			};
			name = Debug;
		};
		D9D7FF6D2925BF9B0088243D /* Release */ = {
			isa = XCBuildConfiguration;
			buildSettings = {
				ASSETCATALOG_COMPILER_APPICON_NAME = AppIcon;
				ASSETCATALOG_COMPILER_GLOBAL_ACCENT_COLOR_NAME = AccentColor;
				CODE_SIGN_STYLE = Automatic;
				CURRENT_PROJECT_VERSION = 1;
				DEVELOPMENT_TEAM = "";
				GENERATE_INFOPLIST_FILE = YES;
				INFOPLIST_FILE = "NHNCloudOCR-Sample/Info.plist";
				INFOPLIST_KEY_NSCameraUsageDescription = "Camera permission request message";
				INFOPLIST_KEY_UIApplicationSupportsIndirectInputEvents = YES;
				INFOPLIST_KEY_UILaunchStoryboardName = LaunchScreen;
				INFOPLIST_KEY_UIMainStoryboardFile = Main;
				INFOPLIST_KEY_UISupportedInterfaceOrientations_iPad = "UIInterfaceOrientationPortrait UIInterfaceOrientationPortraitUpsideDown UIInterfaceOrientationLandscapeLeft UIInterfaceOrientationLandscapeRight";
				INFOPLIST_KEY_UISupportedInterfaceOrientations_iPhone = "UIInterfaceOrientationPortrait UIInterfaceOrientationLandscapeLeft UIInterfaceOrientationLandscapeRight";
				LD_RUNPATH_SEARCH_PATHS = (
					"$(inherited)",
					"@executable_path/Frameworks",
				);
				MARKETING_VERSION = 1.0;
				OTHER_LDFLAGS = (
					"-ObjC",
					"-lc++",
				);
				PRODUCT_BUNDLE_IDENTIFIER = com.nhncloud.client.sdk.ocr.sample;
				PRODUCT_NAME = "$(TARGET_NAME)";
				SWIFT_EMIT_LOC_STRINGS = YES;
				SWIFT_VERSION = 5.0;
				TARGETED_DEVICE_FAMILY = "1,2";
			};
			name = Release;
		};
/* End XCBuildConfiguration section */

/* Begin XCConfigurationList section */
		D9D7FF522925BF9A0088243D /* Build configuration list for PBXProject "NHNCloudOCR-Sample" */ = {
			isa = XCConfigurationList;
			buildConfigurations = (
				D9D7FF692925BF9B0088243D /* Debug */,
				D9D7FF6A2925BF9B0088243D /* Release */,
			);
			defaultConfigurationIsVisible = 0;
			defaultConfigurationName = Release;
		};
		D9D7FF6B2925BF9B0088243D /* Build configuration list for PBXNativeTarget "NHNCloudOCR-Sample" */ = {
			isa = XCConfigurationList;
			buildConfigurations = (
				D9D7FF6C2925BF9B0088243D /* Debug */,
				D9D7FF6D2925BF9B0088243D /* Release */,
			);
			defaultConfigurationIsVisible = 0;
			defaultConfigurationName = Release;
		};
/* End XCConfigurationList section */
	};
	rootObject = D9D7FF4F2925BF9A0088243D /* Project object */;
}
